{
  "name": "bart-web",
  "version": "0.0.1",
  "lockfileVersion": 3,
  "requires": true,
  "packages": {
    "": {
      "name": "bart-web",
      "version": "0.0.1",
      "dependencies": {
        "@stlite/mountable": "^0.42.3"
      }
    },
    "node_modules/@stlite/mountable": {
      "version": "0.42.3",
      "resolved": "https://registry.npmjs.org/@stlite/mountable/-/mountable-0.42.3.tgz",
      "integrity": "sha512-lTHJU80DMcQwlMSig+8UCMirNoYI1oWd9D3uLKiPqyGoAGGYszy56NnQ2KTr9KTUyR+KGheL+EZxJR6LxVjH3w=="
    }
  }
}
